
Microsoft Visual Studio Solution File, Format Version 12.00
# Visual Studio Version 17
VisualStudioVersion = 17.2.32630.192
MinimumVisualStudioVersion = 10.0.40219.1
Project("{9A19103F-16F7-4668-BE54-9A1E7A4F7556}") = "GoogleLensWpf", "GoogleLensWpf\GoogleLensWpf.csproj", "{BA9E522B-4CBC-49E4-8440-2BCE861C4065}"
EndProject
Global
	GlobalSection(SolutionConfigurationPlatforms) = preSolution
		Debug|Any CPU = Debug|Any CPU
		Release|Any CPU = Release|Any CPU
	EndGlobalSection
	GlobalSection(ProjectConfigurationPlatforms) = postSolution
		{BA9E522B-4CBC-49E4-8440-2BCE861C4065}.Debug|Any CPU.ActiveCfg = Debug|Any CPU
		{BA9E522B-4CBC-49E4-8440-2BCE861C4065}.Debug|Any CPU.Build.0 = Debug|Any CPU
		{BA9E522B-4CBC-49E4-8440-2BCE861C4065}.Release|Any CPU.ActiveCfg = Release|Any CPU
		{BA9E522B-4CBC-49E4-8440-2BCE861C4065}.Release|Any CPU.Build.0 = Release|Any CPU
	EndGlobalSection
	GlobalSection(SolutionProperties) = preSolution
		HideSolutionNode = FALSE
	EndGlobalSection
	GlobalSection(ExtensibilityGlobals) = postSolution
		SolutionGuid = {FD1C35C1-308E-4692-9197-DBB1483DF4AD}
	EndGlobalSection
EndGlobal
